
Microsoft Visual Studio Solution File, Format Version 12.00
# Visual Studio Version 16
VisualStudioVersion = 16.0.31112.23
MinimumVisualStudioVersion = 10.0.40219.1
Project("{9A19103F-16F7-4668-BE54-9A1E7A4F7556}") = "Sudoku-Solver", "Sudoku-Solver\Sudoku-Solver.csproj", "{56F5A7F9-76B8-45C1-B7F8-AC1DDEC22B40}"
EndProject
Project("{9A19103F-16F7-4668-BE54-9A1E7A4F7556}") = "Sudoku-Solver-test", "Sudoku-Solver-test\Sudoku-Solver-test.csproj", "{273C0507-2722-46B1-819D-18B3269ED6F7}"
EndProject
Global
	GlobalSection(SolutionConfigurationPlatforms) = preSolution
		Debug|Any CPU = Debug|Any CPU
		Release|Any CPU = Release|Any CPU
	EndGlobalSection
	GlobalSection(ProjectConfigurationPlatforms) = postSolution
		{56F5A7F9-76B8-45C1-B7F8-AC1DDEC22B40}.Debug|Any CPU.ActiveCfg = Debug|Any CPU
		{56F5A7F9-76B8-45C1-B7F8-AC1DDEC22B40}.Debug|Any CPU.Build.0 = Debug|Any CPU
		{56F5A7F9-76B8-45C1-B7F8-AC1DDEC22B40}.Release|Any CPU.ActiveCfg = Release|Any CPU
		{56F5A7F9-76B8-45C1-B7F8-AC1DDEC22B40}.Release|Any CPU.Build.0 = Release|Any CPU
		{273C0507-2722-46B1-819D-18B3269ED6F7}.Debug|Any CPU.ActiveCfg = Debug|Any CPU
		{273C0507-2722-46B1-819D-18B3269ED6F7}.Debug|Any CPU.Build.0 = Debug|Any CPU
		{273C0507-2722-46B1-819D-18B3269ED6F7}.Release|Any CPU.ActiveCfg = Release|Any CPU
		{273C0507-2722-46B1-819D-18B3269ED6F7}.Release|Any CPU.Build.0 = Release|Any CPU
	EndGlobalSection
	GlobalSection(SolutionProperties) = preSolution
		HideSolutionNode = FALSE
	EndGlobalSection
	GlobalSection(ExtensibilityGlobals) = postSolution
		SolutionGuid = {FA82F612-2B42-434C-8095-054050969F87}
	EndGlobalSection
EndGlobal
